
Microsoft Visual Studio Solution File, Format Version 12.00
# Visual Studio Version 16
VisualStudioVersion = 16.0.30503.244
MinimumVisualStudioVersion = 10.0.40219.1
Project("{FAE04EC0-301F-11D3-BF4B-00C04F79EFBC}") = "H4xbr1x", "H4xbr1x\H4xbr1x.csproj", "{C1BDFB11-449B-4666-BEF6-CD1B4DD173C2}"
EndProject
Project("{FAE04EC0-301F-11D3-BF4B-00C04F79EFBC}") = "H4xbr1xTests", "H4xbr1xTests\H4xbr1xTests.csproj", "{01FF07BC-3AA0-4DDC-B308-3445955ED28B}"
EndProject
Project("{FAE04EC0-301F-11D3-BF4B-00C04F79EFBC}") = "H4xbr1xDemo", "H4xbr1xDemo\H4xbr1xDemo.csproj", "{E380CADF-C82C-45AA-99AF-5EB909985BDC}"
EndProject
Global
	GlobalSection(SolutionConfigurationPlatforms) = preSolution
		Debug|x64 = Debug|x64
		Release|x64 = Release|x64
	EndGlobalSection
	GlobalSection(ProjectConfigurationPlatforms) = postSolution
		{C1BDFB11-449B-4666-BEF6-CD1B4DD173C2}.Debug|x64.ActiveCfg = Debug|x64
		{C1BDFB11-449B-4666-BEF6-CD1B4DD173C2}.Debug|x64.Build.0 = Debug|x64
		{C1BDFB11-449B-4666-BEF6-CD1B4DD173C2}.Release|x64.ActiveCfg = Release|x64
		{C1BDFB11-449B-4666-BEF6-CD1B4DD173C2}.Release|x64.Build.0 = Release|x64
		{01FF07BC-3AA0-4DDC-B308-3445955ED28B}.Debug|x64.ActiveCfg = Debug|x64
		{01FF07BC-3AA0-4DDC-B308-3445955ED28B}.Debug|x64.Build.0 = Debug|x64
		{01FF07BC-3AA0-4DDC-B308-3445955ED28B}.Release|x64.ActiveCfg = Release|x64
		{01FF07BC-3AA0-4DDC-B308-3445955ED28B}.Release|x64.Build.0 = Release|x64
		{E380CADF-C82C-45AA-99AF-5EB909985BDC}.Debug|x64.ActiveCfg = Debug|x64
		{E380CADF-C82C-45AA-99AF-5EB909985BDC}.Debug|x64.Build.0 = Debug|x64
		{E380CADF-C82C-45AA-99AF-5EB909985BDC}.Release|x64.ActiveCfg = Release|x64
		{E380CADF-C82C-45AA-99AF-5EB909985BDC}.Release|x64.Build.0 = Release|x64
	EndGlobalSection
	GlobalSection(SolutionProperties) = preSolution
		HideSolutionNode = FALSE
	EndGlobalSection
	GlobalSection(ExtensibilityGlobals) = postSolution
		SolutionGuid = {01CFABC9-E5FA-4AB9-9EC4-4B2DDC57F10B}
	EndGlobalSection
EndGlobal
